// !$*UTF8*$!
{
	archiveVersion = 1;
	classes = {
	};
	objectVersion = 46;
	objects = {

/* Begin PBXBuildFile section */
		4F97EBDC17F5754300E866F2 /* Foundation.framework in Frameworks */ = {isa = PBXBuildFile; fileRef = 4F97EBDB17F5754300E866F2 /* Foundation.framework */; };
		4F97EBDE17F5754300E866F2 /* CoreGraphics.framework in Frameworks */ = {isa = PBXBuildFile; fileRef = 4F97EBDD17F5754300E866F2 /* CoreGraphics.framework */; };
		4F97EBE017F5754300E866F2 /* UIKit.framework in Frameworks */ = {isa = PBXBuildFile; fileRef = 4F97EBDF17F5754300E866F2 /* UIKit.framework */; };
		4F97EBE617F5754300E866F2 /* InfoPlist.strings in Resources */ = {isa = PBXBuildFile; fileRef = 4F97EBE417F5754300E866F2 /* InfoPlist.strings */; };
		4F97EBE817F5754300E866F2 /* main.m in Sources */ = {isa = PBXBuildFile; fileRef = 4F97EBE717F5754300E866F2 /* main.m */; };
		4F97EBEC17F5754300E866F2 /* CardGameAppDelegate.m in Sources */ = {isa = PBXBuildFile; fileRef = 4F97EBEB17F5754300E866F2 /* CardGameAppDelegate.m */; };
		4F97EBEF17F5754300E866F2 /* Main.storyboard in Resources */ = {isa = PBXBuildFile; fileRef = 4F97EBED17F5754300E866F2 /* Main.storyboard */; };
		4F97EBF217F5754300E866F2 /* CardGameViewController.m in Sources */ = {isa = PBXBuildFile; fileRef = 4F97EBF117F5754300E866F2 /* CardGameViewController.m */; };
		4F97EBF417F5754300E866F2 /* Images.xcassets in Resources */ = {isa = PBXBuildFile; fileRef = 4F97EBF317F5754300E866F2 /* Images.xcassets */; };
		4F97EBFB17F5754300E866F2 /* XCTest.framework in Frameworks */ = {isa = PBXBuildFile; fileRef = 4F97EBFA17F5754300E866F2 /* XCTest.framework */; };
		4F97EBFC17F5754300E866F2 /* Foundation.framework in Frameworks */ = {isa = PBXBuildFile; fileRef = 4F97EBDB17F5754300E866F2 /* Foundation.framework */; };
		4F97EBFD17F5754300E866F2 /* UIKit.framework in Frameworks */ = {isa = PBXBuildFile; fileRef = 4F97EBDF17F5754300E866F2 /* UIKit.framework */; };
		4F97EC0517F5754300E866F2 /* InfoPlist.strings in Resources */ = {isa = PBXBuildFile; fileRef = 4F97EC0317F5754300E866F2 /* InfoPlist.strings */; };
		4F97EC0717F5754300E866F2 /* MatchismoTests.m in Sources */ = {isa = PBXBuildFile; fileRef = 4F97EC0617F5754300E866F2 /* MatchismoTests.m */; };
/* End PBXBuildFile section */

/* Begin PBXContainerItemProxy section */
		4F97EBFE17F5754300E866F2 /* PBXContainerItemProxy */ = {
			isa = PBXContainerItemProxy;
			containerPortal = 4F97EBD017F5754300E866F2 /* Project object */;
			proxyType = 1;
			remoteGlobalIDString = 4F97EBD717F5754300E866F2;
			remoteInfo = Matchismo;
		};
/* End PBXContainerItemProxy section */

/* Begin PBXFileReference section */
		4F97EBD817F5754300E866F2 /* Matchismo.app */ = {isa = PBXFileReference; explicitFileType = wrapper.application; includeInIndex = 0; path = Matchismo.app; sourceTree = BUILT_PRODUCTS_DIR; };
		4F97EBDB17F5754300E866F2 /* Foundation.framework */ = {isa = PBXFileReference; lastKnownFileType = wrapper.framework; name = Foundation.framework; path = System/Library/Frameworks/Foundation.framework; sourceTree = SDKROOT; };
		4F97EBDD17F5754300E866F2 /* CoreGraphics.framework */ = {isa = PBXFileReference; lastKnownFileType = wrapper.framework; name = CoreGraphics.framework; path = System/Library/Frameworks/CoreGraphics.framework; sourceTree = SDKROOT; };
		4F97EBDF17F5754300E866F2 /* UIKit.framework */ = {isa = PBXFileReference; lastKnownFileType = wrapper.framework; name = UIKit.framework; path = System/Library/Frameworks/UIKit.framework; sourceTree = SDKROOT; };
		4F97EBE317F5754300E866F2 /* Matchismo-Info.plist */ = {isa = PBXFileReference; lastKnownFileType = text.plist.xml; path = "Matchismo-Info.plist"; sourceTree = "<group>"; };
		4F97EBE517F5754300E866F2 /* en */ = {isa = PBXFileReference; lastKnownFileType = text.plist.strings; name = en; path = en.lproj/InfoPlist.strings; sourceTree = "<group>"; };
		4F97EBE717F5754300E866F2 /* main.m */ = {isa = PBXFileReference; lastKnownFileType = sourcecode.c.objc; path = main.m; sourceTree = "<group>"; };
		4F97EBE917F5754300E866F2 /* Matchismo-Prefix.pch */ = {isa = PBXFileReference; lastKnownFileType = sourcecode.c.h; path = "Matchismo-Prefix.pch"; sourceTree = "<group>"; };
		4F97EBEA17F5754300E866F2 /* CardGameAppDelegate.h */ = {isa = PBXFileReference; lastKnownFileType = sourcecode.c.h; path = CardGameAppDelegate.h; sourceTree = "<group>"; };
		4F97EBEB17F5754300E866F2 /* CardGameAppDelegate.m */ = {isa = PBXFileReference; lastKnownFileType = sourcecode.c.objc; path = CardGameAppDelegate.m; sourceTree = "<group>"; };
		4F97EBEE17F5754300E866F2 /* Base */ = {isa = PBXFileReference; lastKnownFileType = file.storyboard; name = Base; path = Base.lproj/Main.storyboard; sourceTree = "<group>"; };
		4F97EBF017F5754300E866F2 /* CardGameViewController.h */ = {isa = PBXFileReference; lastKnownFileType = sourcecode.c.h; path = CardGameViewController.h; sourceTree = "<group>"; };
		4F97EBF117F5754300E866F2 /* CardGameViewController.m */ = {isa = PBXFileReference; lastKnownFileType = sourcecode.c.objc; path = CardGameViewController.m; sourceTree = "<group>"; };
		4F97EBF317F5754300E866F2 /* Images.xcassets */ = {isa = PBXFileReference; lastKnownFileType = folder.assetcatalog; path = Images.xcassets; sourceTree = "<group>"; };
		4F97EBF917F5754300E866F2 /* MatchismoTests.xctest */ = {isa = PBXFileReference; explicitFileType = wrapper.cfbundle; includeInIndex = 0; path = MatchismoTests.xctest; sourceTree = BUILT_PRODUCTS_DIR; };
		4F97EBFA17F5754300E866F2 /* XCTest.framework */ = {isa = PBXFileReference; lastKnownFileType = wrapper.framework; name = XCTest.framework; path = Library/Frameworks/XCTest.framework; sourceTree = DEVELOPER_DIR; };
		4F97EC0217F5754300E866F2 /* MatchismoTests-Info.plist */ = {isa = PBXFileReference; lastKnownFileType = text.plist.xml; path = "MatchismoTests-Info.plist"; sourceTree = "<group>"; };
		4F97EC0417F5754300E866F2 /* en */ = {isa = PBXFileReference; lastKnownFileType = text.plist.strings; name = en; path = en.lproj/InfoPlist.strings; sourceTree = "<group>"; };
		4F97EC0617F5754300E866F2 /* MatchismoTests.m */ = {isa = PBXFileReference; lastKnownFileType = sourcecode.c.objc; path = MatchismoTests.m; sourceTree = "<group>"; };
/* End PBXFileReference section */

/* Begin PBXFrameworksBuildPhase section */
		4F97EBD517F5754300E866F2 /* Frameworks */ = {
			isa = PBXFrameworksBuildPhase;
			buildActionMask = 2147483647;
			files = (
				4F97EBDE17F5754300E866F2 /* CoreGraphics.framework in Frameworks */,
				4F97EBE017F5754300E866F2 /* UIKit.framework in Frameworks */,
				4F97EBDC17F5754300E866F2 /* Foundation.framework in Frameworks */,
			);
			runOnlyForDeploymentPostprocessing = 0;
		};
		4F97EBF617F5754300E866F2 /* Frameworks */ = {
			isa = PBXFrameworksBuildPhase;
			buildActionMask = 2147483647;
			files = (
				4F97EBFB17F5754300E866F2 /* XCTest.framework in Frameworks */,
				4F97EBFD17F5754300E866F2 /* UIKit.framework in Frameworks */,
				4F97EBFC17F5754300E866F2 /* Foundation.framework in Frameworks */,
			);
			runOnlyForDeploymentPostprocessing = 0;
		};
/* End PBXFrameworksBuildPhase section */

/* Begin PBXGroup section */
		4F97EBCF17F5754300E866F2 = {
			isa = PBXGroup;
			children = (
				4F97EBE117F5754300E866F2 /* Matchismo */,
				4F97EC0017F5754300E866F2 /* MatchismoTests */,
				4F97EBDA17F5754300E866F2 /* Frameworks */,
				4F97EBD917F5754300E866F2 /* Products */,
			);
			sourceTree = "<group>";
		};
		4F97EBD917F5754300E866F2 /* Products */ = {
			isa = PBXGroup;
			children = (
				4F97EBD817F5754300E866F2 /* Matchismo.app */,
				4F97EBF917F5754300E866F2 /* MatchismoTests.xctest */,
			);
			name = Products;
			sourceTree = "<group>";
		};
		4F97EBDA17F5754300E866F2 /* Frameworks */ = {
			isa = PBXGroup;
			children = (
				4F97EBDB17F5754300E866F2 /* Foundation.framework */,
				4F97EBDD17F5754300E866F2 /* CoreGraphics.framework */,
				4F97EBDF17F5754300E866F2 /* UIKit.framework */,
				4F97EBFA17F5754300E866F2 /* XCTest.framework */,
			);
			name = Frameworks;
			sourceTree = "<group>";
		};
		4F97EBE117F5754300E866F2 /* Matchismo */ = {
			isa = PBXGroup;
			children = (
				4F97EBEA17F5754300E866F2 /* CardGameAppDelegate.h */,
				4F97EBEB17F5754300E866F2 /* CardGameAppDelegate.m */,
				4F97EBED17F5754300E866F2 /* Main.storyboard */,
				4F97EBF017F5754300E866F2 /* CardGameViewController.h */,
				4F97EBF117F5754300E866F2 /* CardGameViewController.m */,
				4F97EBF317F5754300E866F2 /* Images.xcassets */,
				4F97EBE217F5754300E866F2 /* Supporting Files */,
			);
			path = Matchismo;
			sourceTree = "<group>";
		};
		4F97EBE217F5754300E866F2 /* Supporting Files */ = {
			isa = PBXGroup;
			children = (
				4F97EBE317F5754300E866F2 /* Matchismo-Info.plist */,
				4F97EBE417F5754300E866F2 /* InfoPlist.strings */,
				4F97EBE717F5754300E866F2 /* main.m */,
				4F97EBE917F5754300E866F2 /* Matchismo-Prefix.pch */,
			);
			name = "Supporting Files";
			sourceTree = "<group>";
		};
		4F97EC0017F5754300E866F2 /* MatchismoTests */ = {
			isa = PBXGroup;
			children = (
				4F97EC0617F5754300E866F2 /* MatchismoTests.m */,
				4F97EC0117F5754300E866F2 /* Supporting Files */,
			);
			path = MatchismoTests;
			sourceTree = "<group>";
		};
		4F97EC0117F5754300E866F2 /* Supporting Files */ = {
			isa = PBXGroup;
			children = (
				4F97EC0217F5754300E866F2 /* MatchismoTests-Info.plist */,
				4F97EC0317F5754300E866F2 /* InfoPlist.strings */,
			);
			name = "Supporting Files";
			sourceTree = "<group>";
		};
/* End PBXGroup section */

/* Begin PBXNativeTarget section */
		4F97EBD717F5754300E866F2 /* Matchismo */ = {
			isa = PBXNativeTarget;
			buildConfigurationList = 4F97EC0A17F5754300E866F2 /* Build configuration list for PBXNativeTarget "Matchismo" */;
			buildPhases = (
				4F97EBD417F5754300E866F2 /* Sources */,
				4F97EBD517F5754300E866F2 /* Frameworks */,
				4F97EBD617F5754300E866F2 /* Resources */,
			);
			buildRules = (
			);
			dependencies = (
			);
			name = Matchismo;
			productName = Matchismo;
			productReference = 4F97EBD817F5754300E866F2 /* Matchismo.app */;
			productType = "com.apple.product-type.application";
		};
		4F97EBF817F5754300E866F2 /* MatchismoTests */ = {
			isa = PBXNativeTarget;
			buildConfigurationList = 4F97EC0D17F5754300E866F2 /* Build configuration list for PBXNativeTarget "MatchismoTests" */;
			buildPhases = (
				4F97EBF517F5754300E866F2 /* Sources */,
				4F97EBF617F5754300E866F2 /* Frameworks */,
				4F97EBF717F5754300E866F2 /* Resources */,
			);
			buildRules = (
			);
			dependencies = (
				4F97EBFF17F5754300E866F2 /* PBXTargetDependency */,
			);
			name = MatchismoTests;
			productName = MatchismoTests;
			productReference = 4F97EBF917F5754300E866F2 /* MatchismoTests.xctest */;
			productType = "com.apple.product-type.bundle.unit-test";
		};
/* End PBXNativeTarget section */

/* Begin PBXProject section */
		4F97EBD017F5754300E866F2 /* Project object */ = {
			isa = PBXProject;
			attributes = {
				CLASSPREFIX = CardGame;
				LastUpgradeCheck = 0500;
				ORGANIZATIONNAME = Stanford;
				TargetAttributes = {
					4F97EBF817F5754300E866F2 = {
						TestTargetID = 4F97EBD717F5754300E866F2;
					};
				};
			};
			buildConfigurationList = 4F97EBD317F5754300E866F2 /* Build configuration list for PBXProject "Matchismo" */;
			compatibilityVersion = "Xcode 3.2";
			developmentRegion = English;
			hasScannedForEncodings = 0;
			knownRegions = (
				en,
				Base,
			);
			mainGroup = 4F97EBCF17F5754300E866F2;
			productRefGroup = 4F97EBD917F5754300E866F2 /* Products */;
			projectDirPath = "";
			projectRoot = "";
			targets = (
				4F97EBD717F5754300E866F2 /* Matchismo */,
				4F97EBF817F5754300E866F2 /* MatchismoTests */,
			);
		};
/* End PBXProject section */

/* Begin PBXResourcesBuildPhase section */
		4F97EBD617F5754300E866F2 /* Resources */ = {
			isa = PBXResourcesBuildPhase;
			buildActionMask = 2147483647;
			files = (
				4F97EBF417F5754300E866F2 /* Images.xcassets in Resources */,
				4F97EBE617F5754300E866F2 /* InfoPlist.strings in Resources */,
				4F97EBEF17F5754300E866F2 /* Main.storyboard in Resources */,
			);
			runOnlyForDeploymentPostprocessing = 0;
		};
		4F97EBF717F5754300E866F2 /* Resources */ = {
			isa = PBXResourcesBuildPhase;
			buildActionMask = 2147483647;
			files = (
				4F97EC0517F5754300E866F2 /* InfoPlist.strings in Resources */,
			);
			runOnlyForDeploymentPostprocessing = 0;
		};
/* End PBXResourcesBuildPhase section */

/* Begin PBXSourcesBuildPhase section */
		4F97EBD417F5754300E866F2 /* Sources */ = {
			isa = PBXSourcesBuildPhase;
			buildActionMask = 2147483647;
			files = (
				4F97EBEC17F5754300E866F2 /* CardGameAppDelegate.m in Sources */,
				4F97EBF217F5754300E866F2 /* CardGameViewController.m in Sources */,
				4F97EBE817F5754300E866F2 /* main.m in Sources */,
			);
			runOnlyForDeploymentPostprocessing = 0;
		};
		4F97EBF517F5754300E866F2 /* Sources */ = {
			isa = PBXSourcesBuildPhase;
			buildActionMask = 2147483647;
			files = (
				4F97EC0717F5754300E866F2 /* MatchismoTests.m in Sources */,
			);
			runOnlyForDeploymentPostprocessing = 0;
		};
/* End PBXSourcesBuildPhase section */

/* Begin PBXTargetDependency section */
		4F97EBFF17F5754300E866F2 /* PBXTargetDependency */ = {
			isa = PBXTargetDependency;
			target = 4F97EBD717F5754300E866F2 /* Matchismo */;
			targetProxy = 4F97EBFE17F5754300E866F2 /* PBXContainerItemProxy */;
		};
/* End PBXTargetDependency section */

/* Begin PBXVariantGroup section */
		4F97EBE417F5754300E866F2 /* InfoPlist.strings */ = {
			isa = PBXVariantGroup;
			children = (
				4F97EBE517F5754300E866F2 /* en */,
			);
			name = InfoPlist.strings;
			sourceTree = "<group>";
		};
		4F97EBED17F5754300E866F2 /* Main.storyboard */ = {
			isa = PBXVariantGroup;
			children = (
				4F97EBEE17F5754300E866F2 /* Base */,
			);
			name = Main.storyboard;
			sourceTree = "<group>";
		};
		4F97EC0317F5754300E866F2 /* InfoPlist.strings */ = {
			isa = PBXVariantGroup;
			children = (
				4F97EC0417F5754300E866F2 /* en */,
			);
			name = InfoPlist.strings;
			sourceTree = "<group>";
		};
/* End PBXVariantGroup section */

/* Begin XCBuildConfiguration section */
		4F97EC0817F5754300E866F2 /* Debug */ = {
			isa = XCBuildConfiguration;
			buildSettings = {
				ALWAYS_SEARCH_USER_PATHS = NO;
				ARCHS = "$(ARCHS_STANDARD_INCLUDING_64_BIT)";
				CLANG_CXX_LANGUAGE_STANDARD = "gnu++0x";
				CLANG_CXX_LIBRARY = "libc++";
				CLANG_ENABLE_MODULES = YES;
				CLANG_ENABLE_OBJC_ARC = YES;
				CLANG_WARN_BOOL_CONVERSION = YES;
				CLANG_WARN_CONSTANT_CONVERSION = YES;
				CLANG_WARN_DIRECT_OBJC_ISA_USAGE = YES_ERROR;
				CLANG_WARN_EMPTY_BODY = YES;
				CLANG_WARN_ENUM_CONVERSION = YES;
				CLANG_WARN_INT_CONVERSION = YES;
				CLANG_WARN_OBJC_ROOT_CLASS = YES_ERROR;
				CLANG_WARN__DUPLICATE_METHOD_MATCH = YES;
				"CODE_SIGN_IDENTITY[sdk=iphoneos*]" = "iPhone Developer";
				COPY_PHASE_STRIP = NO;
				GCC_C_LANGUAGE_STANDARD = gnu99;
				GCC_DYNAMIC_NO_PIC = NO;
				GCC_OPTIMIZATION_LEVEL = 0;
				GCC_PREPROCESSOR_DEFINITIONS = (
					"DEBUG=1",
					"$(inherited)",
				);
				GCC_SYMBOLS_PRIVATE_EXTERN = NO;
				GCC_WARN_64_TO_32_BIT_CONVERSION = YES;
				GCC_WARN_ABOUT_RETURN_TYPE = YES_ERROR;
				GCC_WARN_UNDECLARED_SELECTOR = YES;
				GCC_WARN_UNINITIALIZED_AUTOS = YES;
				GCC_WARN_UNUSED_FUNCTION = YES;
				GCC_WARN_UNUSED_VARIABLE = YES;
				IPHONEOS_DEPLOYMENT_TARGET = 7.0;
				ONLY_ACTIVE_ARCH = YES;
				SDKROOT = iphoneos;
			};
			name = Debug;
		};
		4F97EC0917F5754300E866F2 /* Release */ = {
			isa = XCBuildConfiguration;
			buildSettings = {
				ALWAYS_SEARCH_USER_PATHS = NO;
				ARCHS = "$(ARCHS_STANDARD_INCLUDING_64_BIT)";
				CLANG_CXX_LANGUAGE_STANDARD = "gnu++0x";
				CLANG_CXX_LIBRARY = "libc++";
				CLANG_ENABLE_MODULES = YES;
				CLANG_ENABLE_OBJC_ARC = YES;
				CLANG_WARN_BOOL_CONVERSION = YES;
				CLANG_WARN_CONSTANT_CONVERSION = YES;
				CLANG_WARN_DIRECT_OBJC_ISA_USAGE = YES_ERROR;
				CLANG_WARN_EMPTY_BODY = YES;
				CLANG_WARN_ENUM_CONVERSION = YES;
				CLANG_WARN_INT_CONVERSION = YES;
				CLANG_WARN_OBJC_ROOT_CLASS = YES_ERROR;
				CLANG_WARN__DUPLICATE_METHOD_MATCH = YES;
				"CODE_SIGN_IDENTITY[sdk=iphoneos*]" = "iPhone Developer";
				COPY_PHASE_STRIP = YES;
				ENABLE_NS_ASSERTIONS = NO;
				GCC_C_LANGUAGE_STANDARD = gnu99;
				GCC_WARN_64_TO_32_BIT_CONVERSION = YES;
				GCC_WARN_ABOUT_RETURN_TYPE = YES_ERROR;
				GCC_WARN_UNDECLARED_SELECTOR = YES;
				GCC_WARN_UNINITIALIZED_AUTOS = YES;
				GCC_WARN_UNUSED_FUNCTION = YES;
				GCC_WARN_UNUSED_VARIABLE = YES;
				IPHONEOS_DEPLOYMENT_TARGET = 7.0;
				SDKROOT = iphoneos;
				VALIDATE_PRODUCT = YES;
			};
			name = Release;
		};
		4F97EC0B17F5754300E866F2 /* Debug */ = {
			isa = XCBuildConfiguration;
			buildSettings = {
				ASSETCATALOG_COMPILER_APPICON_NAME = AppIcon;
				ASSETCATALOG_COMPILER_LAUNCHIMAGE_NAME = LaunchImage;
				GCC_PRECOMPILE_PREFIX_HEADER = YES;
				GCC_PREFIX_HEADER = "Matchismo/Matchismo-Prefix.pch";
				INFOPLIST_FILE = "Matchismo/Matchismo-Info.plist";
				PRODUCT_NAME = "$(TARGET_NAME)";
				WRAPPER_EXTENSION = app;
			};
			name = Debug;
		};
		4F97EC0C17F5754300E866F2 /* Release */ = {
			isa = XCBuildConfiguration;
			buildSettings = {
				ASSETCATALOG_COMPILER_APPICON_NAME = AppIcon;
				ASSETCATALOG_COMPILER_LAUNCHIMAGE_NAME = LaunchImage;
				GCC_PRECOMPILE_PREFIX_HEADER = YES;
				GCC_PREFIX_HEADER = "Matchismo/Matchismo-Prefix.pch";
				INFOPLIST_FILE = "Matchismo/Matchismo-Info.plist";
				PRODUCT_NAME = "$(TARGET_NAME)";
				WRAPPER_EXTENSION = app;
			};
			name = Release;
		};
		4F97EC0E17F5754300E866F2 /* Debug */ = {
			isa = XCBuildConfiguration;
			buildSettings = {
				ARCHS = "$(ARCHS_STANDARD_INCLUDING_64_BIT)";
				BUNDLE_LOADER = "$(BUILT_PRODUCTS_DIR)/Matchismo.app/Matchismo";
				FRAMEWORK_SEARCH_PATHS = (
					"$(SDKROOT)/Developer/Library/Frameworks",
					"$(inherited)",
					"$(DEVELOPER_FRAMEWORKS_DIR)",
				);
				GCC_PRECOMPILE_PREFIX_HEADER = YES;
				GCC_PREFIX_HEADER = "Matchismo/Matchismo-Prefix.pch";
				GCC_PREPROCESSOR_DEFINITIONS = (
					"DEBUG=1",
					"$(inherited)",
				);
				INFOPLIST_FILE = "MatchismoTests/MatchismoTests-Info.plist";
				PRODUCT_NAME = "$(TARGET_NAME)";
				TEST_HOST = "$(BUNDLE_LOADER)";
				WRAPPER_EXTENSION = xctest;
			};
			name = Debug;
		};
		4F97EC0F17F5754300E866F2 /* Release */ = {
			isa = XCBuildConfiguration;
			buildSettings = {
				ARCHS = "$(ARCHS_STANDARD_INCLUDING_64_BIT)";
				BUNDLE_LOADER = "$(BUILT_PRODUCTS_DIR)/Matchismo.app/Matchismo";
				FRAMEWORK_SEARCH_PATHS = (
					"$(SDKROOT)/Developer/Library/Frameworks",
					"$(inherited)",
					"$(DEVELOPER_FRAMEWORKS_DIR)",
				);
				GCC_PRECOMPILE_PREFIX_HEADER = YES;
				GCC_PREFIX_HEADER = "Matchismo/Matchismo-Prefix.pch";
				INFOPLIST_FILE = "MatchismoTests/MatchismoTests-Info.plist";
				PRODUCT_NAME = "$(TARGET_NAME)";
				TEST_HOST = "$(BUNDLE_LOADER)";
				WRAPPER_EXTENSION = xctest;
			};
			name = Release;
		};
/* End XCBuildConfiguration section */

/* Begin XCConfigurationList section */
		4F97EBD317F5754300E866F2 /* Build configuration list for PBXProject "Matchismo" */ = {
			isa = XCConfigurationList;
			buildConfigurations = (
				4F97EC0817F5754300E866F2 /* Debug */,
				4F97EC0917F5754300E866F2 /* Release */,
			);
			defaultConfigurationIsVisible = 0;
			defaultConfigurationName = Release;
		};
		4F97EC0A17F5754300E866F2 /* Build configuration list for PBXNativeTarget "Matchismo" */ = {
			isa = XCConfigurationList;
			buildConfigurations = (
				4F97EC0B17F5754300E866F2 /* Debug */,
				4F97EC0C17F5754300E866F2 /* Release */,
			);
			defaultConfigurationIsVisible = 0;
		};
		4F97EC0D17F5754300E866F2 /* Build configuration list for PBXNativeTarget "MatchismoTests" */ = {
			isa = XCConfigurationList;
			buildConfigurations = (
				4F97EC0E17F5754300E866F2 /* Debug */,
				4F97EC0F17F5754300E866F2 /* Release */,
			);
			defaultConfigurationIsVisible = 0;
		};
/* End XCConfigurationList section */
	};
	rootObject = 4F97EBD017F5754300E866F2 /* Project object */;
}
